github.com/aws/aws-sdk-go-v2 v1.47.0 h1:0jsHallhJCeaU0Ko48c/3FK1ctOQ7NpzggxriJOQ8MQ=
github.com/aws/aws-sdk-go-v2 v1.47.0/go.mod h1:bttEH6JqnUL8LepvDVfdrds/fZ5bCIxzpe3abyUrhDU=
github.com/aws/aws-sdk-go-v2/aws/protocol/eventstream v1.7.3 h1:DHctwEM8P8iTXFxC/QK0MRjwEpWQeM9yzidCRjldUz0=
github.com/aws/aws-sdk-go-v2/aws/protocol/eventstream v1.7.3/go.mod h1:xdCzcZEtnSTKVDOmUZs4l/j3pSV6rpo1WXl5ugNsL8Y=
github.com/aws/aws-sdk-go-v2/config v1.30.3 h1:utupeVnE3bmB221W08P0Moz1lDI3OwYa2fBtUhl7TCc=
github.com/aws/aws-sdk-go-v2/config v1.30.3/go.mod h1:NDGwOEBdpyZwLPlQkpKIO7frf18BW8PaCmAM9iUxQmI=
github.com/aws/aws-sdk-go-v2/credentials v1.18.3 h1:ptfyXmv+ooxzFwyuBth0yqABcjVIkjDL0iTYZBSbum8=
github.com/aws/aws-sdk-go-v2/credentials v1.18.3/go.mod h1:Q43Nci++Wohb0qUh4m54sNln0dbxJw8PvQWkrwOkGOI=
github.com/aws/aws-sdk-go-v2/feature/ec2/imds v1.18.2 h1:nRniHAvjFJGUCl04F3WaAj7qp/rcz5Gi1OVoj5ErBkc=
github.com/aws/aws-sdk-go-v2/feature/ec2/imds v1.18.2/go.mod h1:eJDFKAMHHUvv4a0Zfa7bQb//wFNUXGrbFpYRCHe2kD0=
github.com/aws/aws-sdk-go-v2/internal/configsources v1.5.3 h1:Hp/VgjP0BysR3OgLlR057Vz2LcbbVnoWeJ+3qWiS/fY=
github.com/aws/aws-sdk-go-v2/internal/configsources v1.5.3/go.mod h1:nwGV5qw7F1IZPgxCvA/ph8N2TAuz+BkRG/bXn808qMA=
github.com/aws/aws-sdk-go-v2/internal/endpoints/v2 v2.8.3 h1:MUaM4f+kj1ZIBPZfUS8cxP1GKXXZtHJjAthy93AN7SM=
github.com/aws/aws-sdk-go-v2/internal/endpoints/v2 v2.8.3/go.mod h1:6YmVmEVRI5ZZzRjCSsb9SryKH0hAlMRdgA7kG9aDvBU=
github.com/aws/aws-sdk-go-v2/internal/ini v1.8.3 h1:bIqFDwgGXXN1Kpp99pDOdKMTTb5d2KyU5X/BZxjOkRo=
github.com/aws/aws-sdk-go-v2/internal/ini v1.8.3/go.mod h1:H5O/EsxDWyU+LP/V8i5sm8cxoZgc2fdNR9bxlOFrQTo=
github.com/aws/aws-sdk-go-v2/internal/v4a v1.4.13 h1:eg/WYAa12vqTphzIdWMzqYRVKKnCboVPRlvaybNCqPA=
github.com/aws/aws-sdk-go-v2/internal/v4a v1.4.13/go.mod h1:/FDdxWhz1486obGrKKC1HONd7krpk38LBt+dutLcN9k=
github.com/aws/aws-sdk-go-v2/service/bedrockagentcorecontrol v1.68.0 h1:GjTVTMwKa3pW12fSYsJoY2T3/NUOxWaPQ2FUHRwky9E=
github.com/aws/aws-sdk-go-v2/service/bedrockagentcorecontrol v1.68.0/go.mod h1:zgWVuxOJtLQ188G6hXAFSHwofDZ5WWO4Akz1GDCeQdE=
github.com/aws/aws-sdk-go-v2/service/cloudformation v1.64.0 h1:zkywcvvuwJcdNUErYJ3JaujgTYy8iOqTZnMJtbt5GQo=
github.com/aws/aws-sdk-go-v2/service/cloudformation v1.64.0/go.mod h1:CSZ4pTMdDdwePgGxMo5KOfOw+I0r0cOwLsyULTjFuUc=
github.com/aws/aws-sdk-go-v2/service/codebuild v1.66.0 h1:Tm4WvXnZ+tAlYB0W+hKi53reoQpUKr7/IiG/8zPYfOE=
github.com/aws/aws-sdk-go-v2/service/codebuild v1.66.0/go.mod h1:HiaBb3/RkkKBXLfkHch1Wy8tdMkyxhAR75PDf2BZyd0=
github.com/aws/aws-sdk-go-v2/service/codepipeline v1.45.0 h1:UsHh9s5J3gW0WdAQ6bXekyEGZl2kCAMDPSsm7lzC6O4=
github.com/aws/aws-sdk-go-v2/service/codepipeline v1.45.0/go.mod h1:yQNvzfwnOPhssQgu5vPAI7HPOF4A13sdL8Q6fzu6Jss=
github.com/aws/aws-sdk-go-v2/service/cognitoidentity v1.42.0 h1:D+jShPna9Yrnl0YWWn/a9rxBRgtQuuWCTy2iin3fX+Y=
github.com/aws/aws-sdk-go-v2/service/cognitoidentity v1.42.0/go.mod h1:sEbzXdiU7L2BMChwSbCTZsv+iH9CKpJaZImjQS92vyw=
github.com/aws/aws-sdk-go-v2/service/ec2 v1.241.0 h1:twGX//bv1QH/9pyJaqynNSo0eXGkDEdDTFy8GNPsz5M=
github.com/aws/aws-sdk-go-v2/service/ec2 v1.241.0/go.mod h1:HDxGArx3/bUnkoFsuvTNIxEj/cR3f+IgsVh1B7Pvay8=
github.com/aws/aws-sdk-go-v2/service/ecs v1.63.0 h1:ZeUDPcF93I5pE614AD8Le5a1e+383jjJ8lopM/WVfB8=
github.com/aws/aws-sdk-go-v2/service/ecs v1.63.0/go.mod h1:k5xD9wMxhUgcFU0Q1F1iB3YJkmBmW7+o4rrsBg8yhdc=
github.com/aws/aws-sdk-go-v2/service/eks v1.70.0 h1:05FWDmYfXhHbsHxeFQIY73GagpjkcTgVe8VotlO62Fc=
github.com/aws/aws-sdk-go-v2/service/eks v1.70.0/go.mod h1:HKX0JNwYDW543nJozPRB0PS1bo8qAdR74Gava69dNg4=
github.com/aws/aws-sdk-go-v2/service/iam v1.45.0 h1:H4iGrdJQREYDugHeFeknCZSIQKi2j9xqCFuK0VG1ldI=
github.com/aws/aws-sdk-go-v2/service/iam v1.45.0/go.mod h1:RLNjsuRZyUKWwC1Tj51dEpEKi3IgrxIvEbYdvD14WjU=
github.com/aws/aws-sdk-go-v2/service/internal/accept-encoding v1.13.3 h1:x2Ibm/Af8Fi+BH+Hsn9TXGdT+hKbDd5XOTZxTMxDk7o=
github.com/aws/aws-sdk-go-v2/service/internal/accept-encoding v1.13.3/go.mod h1:IW1jwyrQgMdhisceG8fQLmQIydcT/jWY21rFhzgaKwo=
github.com/aws/aws-sdk-go-v2/service/internal/checksum v1.9.4 h1:NvMjwvv8hpGUILarKw7Z4Q0w1H9anXKsesMxtw++MA4=
github.com/aws/aws-sdk-go-v2/service/internal/checksum v1.9.4/go.mod h1:455WPHSwaGj2waRSpQp7TsnpOnBfw8iDfPfbwl7KPJE=
github.com/aws/aws-sdk-go-v2/service/internal/presigned-url v1.13.13 h1:kDqdFvMY4AtKoACfzIGD8A0+hbT41KTKF//gq7jITfM=
github.com/aws/aws-sdk-go-v2/service/internal/presigned-url v1.13.13/go.mod h1:lmKuogqSU3HzQCwZ9ZtcqOc5XGMqtDK7OIc2+DxiUEg=
github.com/aws/aws-sdk-go-v2/service/internal/s3shared v1.19.13 h1:zhBJXdhWIFZ1acfDYIhu4+LCzdUS2Vbcum7D01dXlHQ=
github.com/aws/aws-sdk-go-v2/service/internal/s3shared v1.19.13/go.mod h1:JaaOeCE368qn2Hzi3sEzY6FgAZVCIYcC2nwbro2QCh8=
github.com/aws/aws-sdk-go-v2/service/lambda v1.75.0 h1:8hoKtn/EgZ0bA2dQ/meHFNsalY5fuA7M3QDqnrVxPLA=
github.com/aws/aws-sdk-go-v2/service/lambda v1.75.0/go.mod h1:YDWB9+Y6hLDGdI+S1TQIs8Fq3pu5ZF+7l2ZwF7dzhjg=
github.com/aws/aws-sdk-go-v2/service/rds v1.103.0 h1:OWsmICx9jHtBVrgYwYb+2q0iVSPLIfDZOiKhoQA+gjc=
github.com/aws/aws-sdk-go-v2/service/rds v1.103.0/go.mod h1:tUKTkGAlJo0Gs4t0Z46vaSGD6H1Z6RvtuF03mZY+tPk=
github.com/aws/aws-sdk-go-v2/service/s3 v1.90.2 h1:DhdbtDl4FdNlj31+xiRXANxEE+eC7n8JQz+/ilwQ8Uc=
github.com/aws/aws-sdk-go-v2/service/s3 v1.90.2/go.mod h1:+wArOOrcHUevqdto9k1tKOF5++YTe9JEcPSc9Tx2ZSw=
github.com/aws/aws-sdk-go-v2/service/sfn v1.38.0 h1:qDg+pW4hxuM1zlixvZy3EyRxGiy4FknvKwfYHsUGvYw=
github.com/aws/aws-sdk-go-v2/service/sfn v1.38.0/go.mod h1:UXg+xZNhGCuhG8tg8Qj9XBH3qRA5WgmJkelLEyOassI=
github.com/aws/aws-sdk-go-v2/service/sso v1.27.0 h1:j7/jTOjWeJDolPwZ/J4yZ7dUsxsWZEsxNwH5O7F8eEA=
github.com/aws/aws-sdk-go-v2/service/sso v1.27.0/go.mod h1:M0xdEPQtgpNT7kdAX4/vOAPkFj60hSQRb7TvW9B0iug=
github.com/aws/aws-sdk-go-v2/service/ssooidc v1.32.0 h1:ywQF2N4VjqX+Psw+jLjMmUL2g1RDHlvri3NxHA08MGI=
github.com/aws/aws-sdk-go-v2/service/ssooidc v1.32.0/go.mod h1:Z+qv5Q6b7sWiclvbJyPSOT1BRVU9wfSUPaqQzZ1Xg3E=
github.com/aws/aws-sdk-go-v2/service/sts v1.36.0 h1:bRP/a9llXSSgDPk7Rqn5GD/DQCGo6uk95plBFKoXt2M=
github.com/aws/aws-sdk-go-v2/service/sts v1.36.0/go.mod h1:tgBsFzxwl65BWkuJ/x2EUs59bD4SfYKgikvFDJi1S58=
github.com/aws/smithy-go v1.28.1 h1:R/nXH00c8qcfCzQVELtRw+eLQWtzv+VAIEFJ1/xxXlQ=
github.com/aws/smithy-go v1.28.1/go.mod h1:YE2RhdIuDbA5E5bTdciG9KrW3+TiEONeUWCqxX9i1Fc=
